// !$*UTF8*$!
{
	archiveVersion = 1;
	classes = {
	};
	objectVersion = 46;
	objects = {

/* Begin PBXBuildFile section */
		BB0463731C1536A0009A95AD /* MoreReplies.swift in Sources */ = {isa = PBXBuildFile; fileRef = BB0463721C1536A0009A95AD /* MoreReplies.swift */; };
		BB0463741C1536A0009A95AD /* MoreReplies.swift in Sources */ = {isa = PBXBuildFile; fileRef = BB0463721C1536A0009A95AD /* MoreReplies.swift */; };
		BB0463791C153E27009A95AD /* PostDataTest.swift in Sources */ = {isa = PBXBuildFile; fileRef = BB0463781C153E27009A95AD /* PostDataTest.swift */; };
		BB0C14FE1C13D9860006905C /* CommentData.swift in Sources */ = {isa = PBXBuildFile; fileRef = BB0C14FD1C13D9860006905C /* CommentData.swift */; };
		BB0C14FF1C13D9860006905C /* CommentData.swift in Sources */ = {isa = PBXBuildFile; fileRef = BB0C14FD1C13D9860006905C /* CommentData.swift */; };
		BB0C15011C13DB1B0006905C /* Tree.swift in Sources */ = {isa = PBXBuildFile; fileRef = BB0C15001C13DB1B0006905C /* Tree.swift */; };
		BB0C15021C13DB1B0006905C /* Tree.swift in Sources */ = {isa = PBXBuildFile; fileRef = BB0C15001C13DB1B0006905C /* Tree.swift */; };
		BB0C15041C13EE4F0006905C /* TreeTest.swift in Sources */ = {isa = PBXBuildFile; fileRef = BB0C15031C13EE4F0006905C /* TreeTest.swift */; };
		BB1258E71BF24D89003D928A /* NetworkCommunication.swift in Sources */ = {isa = PBXBuildFile; fileRef = BB1258E61BF24D89003D928A /* NetworkCommunication.swift */; };
		BB222A3F1C21C587002B6837 /* RedditPostTest.swift in Sources */ = {isa = PBXBuildFile; fileRef = BB222A3E1C21C587002B6837 /* RedditPostTest.swift */; };
		BB222A441C21C67E002B6837 /* MoreRepliesTest.swift in Sources */ = {isa = PBXBuildFile; fileRef = BB222A431C21C67E002B6837 /* MoreRepliesTest.swift */; };
		BB222A461C21CC23002B6837 /* SampleRedditPost in Resources */ = {isa = PBXBuildFile; fileRef = BB222A451C21CC23002B6837 /* SampleRedditPost */; };
		BB2791091BEF0407004166AC /* AppDelegate.swift in Sources */ = {isa = PBXBuildFile; fileRef = BB2791081BEF0407004166AC /* AppDelegate.swift */; };
		BB27910B1BEF0407004166AC /* ProfileViewController.swift in Sources */ = {isa = PBXBuildFile; fileRef = BB27910A1BEF0407004166AC /* ProfileViewController.swift */; };
		BB2791101BEF0407004166AC /* Assets.xcassets in Resources */ = {isa = PBXBuildFile; fileRef = BB27910F1BEF0407004166AC /* Assets.xcassets */; };
		BB2791291BEF0CB5004166AC /* MultiRedditsViewController.swift in Sources */ = {isa = PBXBuildFile; fileRef = BB2791281BEF0CB5004166AC /* MultiRedditsViewController.swift */; };
		BB2966EB1BF4E22000842542 /* Result.swift in Sources */ = {isa = PBXBuildFile; fileRef = BB2966EA1BF4E22000842542 /* Result.swift */; };
		BB2966F11BF649FE00842542 /* LoginViewController.swift in Sources */ = {isa = PBXBuildFile; fileRef = BB2966F01BF649FE00842542 /* LoginViewController.swift */; };
		BB2966F21BF649FE00842542 /* LoginViewController.swift in Sources */ = {isa = PBXBuildFile; fileRef = BB2966F01BF649FE00842542 /* LoginViewController.swift */; };
		BB2966F51BF662FA00842542 /* Notes in Resources */ = {isa = PBXBuildFile; fileRef = BB2966F31BF662FA00842542 /* Notes */; };
		BB2A30B61C11479400117C43 /* ParseTests.swift in Sources */ = {isa = PBXBuildFile; fileRef = BB2A30B51C11479400117C43 /* ParseTests.swift */; };
		BB2A30B71C114D6C00117C43 /* Session.swift in Sources */ = {isa = PBXBuildFile; fileRef = BB4BB2DD1BF0305B003C8D49 /* Session.swift */; };
		BB2A30B81C114D8A00117C43 /* OAuthToken.swift in Sources */ = {isa = PBXBuildFile; fileRef = BBDAF1051BF97D670030D3D3 /* OAuthToken.swift */; };
		BB2A30B91C114DD400117C43 /* Result.swift in Sources */ = {isa = PBXBuildFile; fileRef = BB2966EA1BF4E22000842542 /* Result.swift */; };
		BB2A30BA1C114DE100117C43 /* Response.swift in Sources */ = {isa = PBXBuildFile; fileRef = BBDAF1071BF98F550030D3D3 /* Response.swift */; };
		BB2A30BB1C114E0500117C43 /* NetworkCommunication.swift in Sources */ = {isa = PBXBuildFile; fileRef = BB1258E61BF24D89003D928A /* NetworkCommunication.swift */; };
		BB2A30BC1C114E2500117C43 /* Stack.swift in Sources */ = {isa = PBXBuildFile; fileRef = BB67771E1C0BF49A0099BF1B /* Stack.swift */; };
		BB2DD4FD1C07623E00A6B0BE /* SubredditViewController.swift in Sources */ = {isa = PBXBuildFile; fileRef = BB2DD4FC1C07623E00A6B0BE /* SubredditViewController.swift */; };
		BB2DD4FE1C07623E00A6B0BE /* SubredditViewController.swift in Sources */ = {isa = PBXBuildFile; fileRef = BB2DD4FC1C07623E00A6B0BE /* SubredditViewController.swift */; };
		BB2DD5001C0763C500A6B0BE /* Session+Subreddit.swift in Sources */ = {isa = PBXBuildFile; fileRef = BB2DD4FF1C0763C500A6B0BE /* Session+Subreddit.swift */; };
		BB2DD5011C0763C500A6B0BE /* Session+Subreddit.swift in Sources */ = {isa = PBXBuildFile; fileRef = BB2DD4FF1C0763C500A6B0BE /* Session+Subreddit.swift */; };
		BB2DD5041C07746F00A6B0BE /* SampleSubredditJson in Resources */ = {isa = PBXBuildFile; fileRef = BB2DD5021C07746F00A6B0BE /* SampleSubredditJson */; };
		BB2DD5061C07785B00A6B0BE /* Post.swift in Sources */ = {isa = PBXBuildFile; fileRef = BB2DD5051C07785B00A6B0BE /* Post.swift */; };
		BB2DD5071C07785B00A6B0BE /* Post.swift in Sources */ = {isa = PBXBuildFile; fileRef = BB2DD5051C07785B00A6B0BE /* Post.swift */; };
		BB2DD50B1C07FF0300A6B0BE /* RecommendationPipeline.swift in Sources */ = {isa = PBXBuildFile; fileRef = BB2DD50A1C07FF0300A6B0BE /* RecommendationPipeline.swift */; };
		BB2DD50C1C07FF0300A6B0BE /* RecommendationPipeline.swift in Sources */ = {isa = PBXBuildFile; fileRef = BB2DD50A1C07FF0300A6B0BE /* RecommendationPipeline.swift */; };
		BB2DD50F1C08313200A6B0BE /* SampleUserRequestJson in Resources */ = {isa = PBXBuildFile; fileRef = BB2DD50D1C08313200A6B0BE /* SampleUserRequestJson */; };
		BB2DD5121C08318E00A6B0BE /* User.swift in Sources */ = {isa = PBXBuildFile; fileRef = BB2DD5111C08318E00A6B0BE /* User.swift */; };
		BB2DD5131C08318E00A6B0BE /* User.swift in Sources */ = {isa = PBXBuildFile; fileRef = BB2DD5111C08318E00A6B0BE /* User.swift */; };
		BB2DD5151C0831DF00A6B0BE /* IntelligentStack.swift in Sources */ = {isa = PBXBuildFile; fileRef = BB2DD5141C0831DF00A6B0BE /* IntelligentStack.swift */; };
		BB2DD5161C0831DF00A6B0BE /* IntelligentStack.swift in Sources */ = {isa = PBXBuildFile; fileRef = BB2DD5141C0831DF00A6B0BE /* IntelligentStack.swift */; };
		BB2DD5191C0832DF00A6B0BE /* Session+Recommendations.swift in Sources */ = {isa = PBXBuildFile; fileRef = BB2DD5181C0832DF00A6B0BE /* Session+Recommendations.swift */; };
		BB2DD51A1C0832DF00A6B0BE /* Session+Recommendations.swift in Sources */ = {isa = PBXBuildFile; fileRef = BB2DD5181C0832DF00A6B0BE /* Session+Recommendations.swift */; };
		BB34DC381C1E2E370069AC17 /* MoreSample in Resources */ = {isa = PBXBuildFile; fileRef = BB34DC371C1E2E370069AC17 /* MoreSample */; };
		BB34DC3A1C1E35670069AC17 /* CommentTreeTestSample in Resources */ = {isa = PBXBuildFile; fileRef = BB34DC391C1E35670069AC17 /* CommentTreeTestSample */; };
		BB34DC3C1C1E35B60069AC17 /* CommentTreeTest.swift in Sources */ = {isa = PBXBuildFile; fileRef = BB34DC3B1C1E35B60069AC17 /* CommentTreeTest.swift */; };
		BB3C654D1C2AFCF900D9D3F1 /* LinkListing.swift in Sources */ = {isa = PBXBuildFile; fileRef = BB3C654C1C2AFCF900D9D3F1 /* LinkListing.swift */; };
		BB3C654E1C2AFCF900D9D3F1 /* LinkListing.swift in Sources */ = {isa = PBXBuildFile; fileRef = BB3C654C1C2AFCF900D9D3F1 /* LinkListing.swift */; };
		BB44CD861C14F3F90022D875 /* Parse.swift in Sources */ = {isa = PBXBuildFile; fileRef = BB44CD851C14F3F90022D875 /* Parse.swift */; };
		BB44CD871C14F3F90022D875 /* Parse.swift in Sources */ = {isa = PBXBuildFile; fileRef = BB44CD851C14F3F90022D875 /* Parse.swift */; };
		BB4BB2D81BF02D67003C8D49 /* ExploreRedditsViewController.swift in Sources */ = {isa = PBXBuildFile; fileRef = BB4BB2D71BF02D67003C8D49 /* ExploreRedditsViewController.swift */; };
		BB4BB2DE1BF0305B003C8D49 /* Session.swift in Sources */ = {isa = PBXBuildFile; fileRef = BB4BB2DD1BF0305B003C8D49 /* Session.swift */; };
		BB4D6C531C29AACA00250E99 /* RedditPostCommentTableViewCell.swift in Sources */ = {isa = PBXBuildFile; fileRef = BB4D6C521C29AACA00250E99 /* RedditPostCommentTableViewCell.swift */; };
		BB4D6C541C29AACA00250E99 /* RedditPostCommentTableViewCell.swift in Sources */ = {isa = PBXBuildFile; fileRef = BB4D6C521C29AACA00250E99 /* RedditPostCommentTableViewCell.swift */; };
		BB4D6C571C29AD5700250E99 /* RedditPostViewController.swift in Sources */ = {isa = PBXBuildFile; fileRef = BB4D6C561C29AD5700250E99 /* RedditPostViewController.swift */; };
		BB4D6C581C29AD5700250E99 /* RedditPostViewController.swift in Sources */ = {isa = PBXBuildFile; fileRef = BB4D6C561C29AD5700250E99 /* RedditPostViewController.swift */; };
		BB5D95F31C149C6700E26489 /* Errors.swift in Sources */ = {isa = PBXBuildFile; fileRef = BB67771C1C0BF4550099BF1B /* Errors.swift */; };
		BB5D95F51C14B81F00E26489 /* CommentDataTest.swift in Sources */ = {isa = PBXBuildFile; fileRef = BB5D95F41C14B81F00E26489 /* CommentDataTest.swift */; };
		BB5F4B0F1C114E96009287D9 /* AppDelegate.swift in Sources */ = {isa = PBXBuildFile; fileRef = BB2791081BEF0407004166AC /* AppDelegate.swift */; };
		BB5F4B101C114EBE009287D9 /* ExploreRedditsViewController.swift in Sources */ = {isa = PBXBuildFile; fileRef = BB4BB2D71BF02D67003C8D49 /* ExploreRedditsViewController.swift */; };
		BB5F4B111C114EBE009287D9 /* MultiRedditsViewController.swift in Sources */ = {isa = PBXBuildFile; fileRef = BB2791281BEF0CB5004166AC /* MultiRedditsViewController.swift */; };
		BB5F4B121C114EBE009287D9 /* ProfileViewController.swift in Sources */ = {isa = PBXBuildFile; fileRef = BB27910A1BEF0407004166AC /* ProfileViewController.swift */; };
		BB5F4B131C114EE2009287D9 /* Recommender.swift in Sources */ = {isa = PBXBuildFile; fileRef = BB6777211C0C03D60099BF1B /* Recommender.swift */; };
		BB5F4B151C114F23009287D9 /* ListingEnums.swift in Sources */ = {isa = PBXBuildFile; fileRef = BB5F4B141C114F23009287D9 /* ListingEnums.swift */; };
		BB5F4B161C114F23009287D9 /* ListingEnums.swift in Sources */ = {isa = PBXBuildFile; fileRef = BB5F4B141C114F23009287D9 /* ListingEnums.swift */; };
		BB614A2B1BFE219F00DFCC73 /* Session+OAuth.swift in Sources */ = {isa = PBXBuildFile; fileRef = BB614A2A1BFE219F00DFCC73 /* Session+OAuth.swift */; };
		BB614A2C1BFE219F00DFCC73 /* Session+OAuth.swift in Sources */ = {isa = PBXBuildFile; fileRef = BB614A2A1BFE219F00DFCC73 /* Session+OAuth.swift */; };
		BB614A311BFE37DA00DFCC73 /* Session+APIUsage.swift in Sources */ = {isa = PBXBuildFile; fileRef = BB614A301BFE37DA00DFCC73 /* Session+APIUsage.swift */; };
		BB614A321BFE37DA00DFCC73 /* Session+APIUsage.swift in Sources */ = {isa = PBXBuildFile; fileRef = BB614A301BFE37DA00DFCC73 /* Session+APIUsage.swift */; };
		BB67771D1C0BF4550099BF1B /* Errors.swift in Sources */ = {isa = PBXBuildFile; fileRef = BB67771C1C0BF4550099BF1B /* Errors.swift */; };
		BB67771F1C0BF49A0099BF1B /* Stack.swift in Sources */ = {isa = PBXBuildFile; fileRef = BB67771E1C0BF49A0099BF1B /* Stack.swift */; };
		BB6777221C0C03D60099BF1B /* Recommender.swift in Sources */ = {isa = PBXBuildFile; fileRef = BB6777211C0C03D60099BF1B /* Recommender.swift */; };
		BB6777241C0C06640099BF1B /* Session+Front.swift in Sources */ = {isa = PBXBuildFile; fileRef = BB6777231C0C06640099BF1B /* Session+Front.swift */; };
		BB6777251C0C06640099BF1B /* Session+Front.swift in Sources */ = {isa = PBXBuildFile; fileRef = BB6777231C0C06640099BF1B /* Session+Front.swift */; };
		BB88093B1C1B4736000C6993 /* RedditPost.swift in Sources */ = {isa = PBXBuildFile; fileRef = BB88093A1C1B4736000C6993 /* RedditPost.swift */; };
		BB88093C1C1B4736000C6993 /* RedditPost.swift in Sources */ = {isa = PBXBuildFile; fileRef = BB88093A1C1B4736000C6993 /* RedditPost.swift */; };
		BB8809421C1B48AA000C6993 /* PostData.swift in Sources */ = {isa = PBXBuildFile; fileRef = BB8809411C1B48AA000C6993 /* PostData.swift */; };
		BB8809431C1B48AA000C6993 /* PostData.swift in Sources */ = {isa = PBXBuildFile; fileRef = BB8809411C1B48AA000C6993 /* PostData.swift */; };
		BB8809451C1B4D9F000C6993 /* SampleLinkPost in Resources */ = {isa = PBXBuildFile; fileRef = BB8809441C1B4D9F000C6993 /* SampleLinkPost */; };
		BB8809471C1BB939000C6993 /* CommentTree.swift in Sources */ = {isa = PBXBuildFile; fileRef = BB8809461C1BB939000C6993 /* CommentTree.swift */; };
		BB8809481C1BB939000C6993 /* CommentTree.swift in Sources */ = {isa = PBXBuildFile; fileRef = BB8809461C1BB939000C6993 /* CommentTree.swift */; };
		BB88094B1C1BC6E6000C6993 /* SampleComment in Resources */ = {isa = PBXBuildFile; fileRef = BB8809491C1BC6E6000C6993 /* SampleComment */; };
		BB915E051C120E8D00D80F30 /* SampleJsonLinkListing in Resources */ = {isa = PBXBuildFile; fileRef = BB915E041C120E8D00D80F30 /* SampleJsonLinkListing */; };
		BB9CD96D1C2D0E730048FBF2 /* CommentTableModel.swift in Sources */ = {isa = PBXBuildFile; fileRef = BB9CD96C1C2D0E730048FBF2 /* CommentTableModel.swift */; };
		BB9CD96E1C2D0E730048FBF2 /* CommentTableModel.swift in Sources */ = {isa = PBXBuildFile; fileRef = BB9CD96C1C2D0E730048FBF2 /* CommentTableModel.swift */; };
		BBA4AE211C142C2D002F115F /* Dequeue.swift in Sources */ = {isa = PBXBuildFile; fileRef = BBA4AE201C142C2D002F115F /* Dequeue.swift */; };
		BBA4AE221C142C2D002F115F /* Dequeue.swift in Sources */ = {isa = PBXBuildFile; fileRef = BBA4AE201C142C2D002F115F /* Dequeue.swift */; };
		BBDAF1061BF97D670030D3D3 /* OAuthToken.swift in Sources */ = {isa = PBXBuildFile; fileRef = BBDAF1051BF97D670030D3D3 /* OAuthToken.swift */; };
		BBDAF1081BF98F550030D3D3 /* Response.swift in Sources */ = {isa = PBXBuildFile; fileRef = BBDAF1071BF98F550030D3D3 /* Response.swift */; };
		BBF2BB001C1E95A200ED32D1 /* Style Guide in Resources */ = {isa = PBXBuildFile; fileRef = BB5F0F3A1BFCE8CA00096B5F /* Style Guide */; };
		BBF2BB011C1E95A800ED32D1 /* PostDataNotes in Resources */ = {isa = PBXBuildFile; fileRef = BB1832F01C16B05800C82DA3 /* PostDataNotes */; };
		BBFA3C6F1BFF8498001F1138 /* Filters.swift in Sources */ = {isa = PBXBuildFile; fileRef = BBFA3C6E1BFF8498001F1138 /* Filters.swift */; };
		BBFA3C701BFF8498001F1138 /* Filters.swift in Sources */ = {isa = PBXBuildFile; fileRef = BBFA3C6E1BFF8498001F1138 /* Filters.swift */; };
		BBFA3C741C001C2A001F1138 /* MultiReddit.swift in Sources */ = {isa = PBXBuildFile; fileRef = BBFA3C731C001C2A001F1138 /* MultiReddit.swift */; };
		BBFA3C751C001C2A001F1138 /* MultiReddit.swift in Sources */ = {isa = PBXBuildFile; fileRef = BBFA3C731C001C2A001F1138 /* MultiReddit.swift */; };
		BBFA3C771C002E96001F1138 /* RequestProperties.swift in Sources */ = {isa = PBXBuildFile; fileRef = BBFA3C761C002E96001F1138 /* RequestProperties.swift */; };
		BBFA3C781C002E96001F1138 /* RequestProperties.swift in Sources */ = {isa = PBXBuildFile; fileRef = BBFA3C761C002E96001F1138 /* RequestProperties.swift */; };
		BBFA3C7A1C00440E001F1138 /* Session+Multi.swift in Sources */ = {isa = PBXBuildFile; fileRef = BBFA3C791C00440E001F1138 /* Session+Multi.swift */; };
		BBFA3C7B1C00440E001F1138 /* Session+Multi.swift in Sources */ = {isa = PBXBuildFile; fileRef = BBFA3C791C00440E001F1138 /* Session+Multi.swift */; };
		BBFF31FF1C2A5AA90023B881 /* Session+RedditPost.swift in Sources */ = {isa = PBXBuildFile; fileRef = BBFF31FE1C2A5AA90023B881 /* Session+RedditPost.swift */; };
		BBFF32001C2A5AA90023B881 /* Session+RedditPost.swift in Sources */ = {isa = PBXBuildFile; fileRef = BBFF31FE1C2A5AA90023B881 /* Session+RedditPost.swift */; };
/* End PBXBuildFile section */

/* Begin PBXContainerItemProxy section */
		BB27911A1BEF0407004166AC /* PBXContainerItemProxy */ = {
			isa = PBXContainerItemProxy;
			containerPortal = BB2790FD1BEF0407004166AC /* Project object */;
			proxyType = 1;
			remoteGlobalIDString = BB2791041BEF0407004166AC;
			remoteInfo = RedditClient;
		};
/* End PBXContainerItemProxy section */

/* Begin PBXFileReference section */
		BB0463721C1536A0009A95AD /* MoreReplies.swift */ = {isa = PBXFileReference; fileEncoding = 4; lastKnownFileType = sourcecode.swift; path = MoreReplies.swift; sourceTree = "<group>"; };
		BB0463781C153E27009A95AD /* PostDataTest.swift */ = {isa = PBXFileReference; fileEncoding = 4; lastKnownFileType = sourcecode.swift; path = PostDataTest.swift; sourceTree = "<group>"; };
		BB0C14FD1C13D9860006905C /* CommentData.swift */ = {isa = PBXFileReference; fileEncoding = 4; lastKnownFileType = sourcecode.swift; path = CommentData.swift; sourceTree = "<group>"; };
		BB0C15001C13DB1B0006905C /* Tree.swift */ = {isa = PBXFileReference; fileEncoding = 4; lastKnownFileType = sourcecode.swift; path = Tree.swift; sourceTree = "<group>"; };
		BB0C15031C13EE4F0006905C /* TreeTest.swift */ = {isa = PBXFileReference; fileEncoding = 4; lastKnownFileType = sourcecode.swift; path = TreeTest.swift; sourceTree = "<group>"; };
		BB1258E61BF24D89003D928A /* NetworkCommunication.swift */ = {isa = PBXFileReference; fileEncoding = 4; lastKnownFileType = sourcecode.swift; path = NetworkCommunication.swift; sourceTree = "<group>"; };
		BB1832F01C16B05800C82DA3 /* PostDataNotes */ = {isa = PBXFileReference; fileEncoding = 4; lastKnownFileType = text; path = PostDataNotes; sourceTree = "<group>"; };
		BB222A3E1C21C587002B6837 /* RedditPostTest.swift */ = {isa = PBXFileReference; fileEncoding = 4; lastKnownFileType = sourcecode.swift; path = RedditPostTest.swift; sourceTree = "<group>"; };
		BB222A431C21C67E002B6837 /* MoreRepliesTest.swift */ = {isa = PBXFileReference; fileEncoding = 4; lastKnownFileType = sourcecode.swift; path = MoreRepliesTest.swift; sourceTree = "<group>"; };
		BB222A451C21CC23002B6837 /* SampleRedditPost */ = {isa = PBXFileReference; fileEncoding = 4; lastKnownFileType = text; path = SampleRedditPost; sourceTree = "<group>"; };
		BB2791051BEF0407004166AC /* RedditClient.app */ = {isa = PBXFileReference; explicitFileType = wrapper.application; includeInIndex = 0; path = RedditClient.app; sourceTree = BUILT_PRODUCTS_DIR; };
		BB2791081BEF0407004166AC /* AppDelegate.swift */ = {isa = PBXFileReference; lastKnownFileType = sourcecode.swift; lineEnding = 0; path = AppDelegate.swift; sourceTree = "<group>"; xcLanguageSpecificationIdentifier = xcode.lang.swift; };
		BB27910A1BEF0407004166AC /* ProfileViewController.swift */ = {isa = PBXFileReference; lastKnownFileType = sourcecode.swift; path = ProfileViewController.swift; sourceTree = "<group>"; };
		BB27910F1BEF0407004166AC /* Assets.xcassets */ = {isa = PBXFileReference; lastKnownFileType = folder.assetcatalog; path = Assets.xcassets; sourceTree = "<group>"; };
		BB2791141BEF0407004166AC /* Info.plist */ = {isa = PBXFileReference; lastKnownFileType = text.plist.xml; path = Info.plist; sourceTree = "<group>"; };
		BB2791191BEF0407004166AC /* RedditClientTests.xctest */ = {isa = PBXFileReference; explicitFileType = wrapper.cfbundle; includeInIndex = 0; path = RedditClientTests.xctest; sourceTree = BUILT_PRODUCTS_DIR; };
		BB27911F1BEF0407004166AC /* Info.plist */ = {isa = PBXFileReference; lastKnownFileType = text.plist.xml; path = Info.plist; sourceTree = "<group>"; };
		BB2791281BEF0CB5004166AC /* MultiRedditsViewController.swift */ = {isa = PBXFileReference; fileEncoding = 4; lastKnownFileType = sourcecode.swift; lineEnding = 0; path = MultiRedditsViewController.swift; sourceTree = "<group>"; xcLanguageSpecificationIdentifier = xcode.lang.swift; };
		BB2966EA1BF4E22000842542 /* Result.swift */ = {isa = PBXFileReference; fileEncoding = 4; lastKnownFileType = sourcecode.swift; lineEnding = 0; path = Result.swift; sourceTree = "<group>"; xcLanguageSpecificationIdentifier = xcode.lang.swift; };
		BB2966F01BF649FE00842542 /* LoginViewController.swift */ = {isa = PBXFileReference; fileEncoding = 4; lastKnownFileType = sourcecode.swift; lineEnding = 0; path = LoginViewController.swift; sourceTree = "<group>"; xcLanguageSpecificationIdentifier = xcode.lang.swift; };
		BB2966F31BF662FA00842542 /* Notes */ = {isa = PBXFileReference; fileEncoding = 4; lastKnownFileType = text; path = Notes; sourceTree = "<group>"; };
		BB2A30B51C11479400117C43 /* ParseTests.swift */ = {isa = PBXFileReference; fileEncoding = 4; lastKnownFileType = sourcecode.swift; path = ParseTests.swift; sourceTree = "<group>"; };
		BB2DD4FC1C07623E00A6B0BE /* SubredditViewController.swift */ = {isa = PBXFileReference; fileEncoding = 4; lastKnownFileType = sourcecode.swift; path = SubredditViewController.swift; sourceTree = "<group>"; };
		BB2DD4FF1C0763C500A6B0BE /* Session+Subreddit.swift */ = {isa = PBXFileReference; fileEncoding = 4; lastKnownFileType = sourcecode.swift; lineEnding = 0; path = "Session+Subreddit.swift"; sourceTree = "<group>"; xcLanguageSpecificationIdentifier = xcode.lang.swift; };
		BB2DD5021C07746F00A6B0BE /* SampleSubredditJson */ = {isa = PBXFileReference; fileEncoding = 4; lastKnownFileType = text; path = SampleSubredditJson; sourceTree = "<group>"; };
		BB2DD5051C07785B00A6B0BE /* Post.swift */ = {isa = PBXFileReference; fileEncoding = 4; lastKnownFileType = sourcecode.swift; path = Post.swift; sourceTree = "<group>"; };
		BB2DD50A1C07FF0300A6B0BE /* RecommendationPipeline.swift */ = {isa = PBXFileReference; fileEncoding = 4; lastKnownFileType = sourcecode.swift; lineEnding = 0; path = RecommendationPipeline.swift; sourceTree = "<group>"; xcLanguageSpecificationIdentifier = xcode.lang.swift; };
		BB2DD50D1C08313200A6B0BE /* SampleUserRequestJson */ = {isa = PBXFileReference; fileEncoding = 4; lastKnownFileType = text; path = SampleUserRequestJson; sourceTree = "<group>"; };
		BB2DD5111C08318E00A6B0BE /* User.swift */ = {isa = PBXFileReference; fileEncoding = 4; lastKnownFileType = sourcecode.swift; path = User.swift; sourceTree = "<group>"; };
		BB2DD5141C0831DF00A6B0BE /* IntelligentStack.swift */ = {isa = PBXFileReference; fileEncoding = 4; lastKnownFileType = sourcecode.swift; path = IntelligentStack.swift; sourceTree = "<group>"; };
		BB2DD5181C0832DF00A6B0BE /* Session+Recommendations.swift */ = {isa = PBXFileReference; fileEncoding = 4; lastKnownFileType = sourcecode.swift; lineEnding = 0; path = "Session+Recommendations.swift"; sourceTree = "<group>"; xcLanguageSpecificationIdentifier = xcode.lang.swift; };
		BB34DC371C1E2E370069AC17 /* MoreSample */ = {isa = PBXFileReference; fileEncoding = 4; lastKnownFileType = text; path = MoreSample; sourceTree = "<group>"; };
		BB34DC391C1E35670069AC17 /* CommentTreeTestSample */ = {isa = PBXFileReference; fileEncoding = 4; lastKnownFileType = text; path = CommentTreeTestSample; sourceTree = "<group>"; };
		BB34DC3B1C1E35B60069AC17 /* CommentTreeTest.swift */ = {isa = PBXFileReference; fileEncoding = 4; lastKnownFileType = sourcecode.swift; path = CommentTreeTest.swift; sourceTree = "<group>"; };
		BB3C654C1C2AFCF900D9D3F1 /* LinkListing.swift */ = {isa = PBXFileReference; fileEncoding = 4; lastKnownFileType = sourcecode.swift; path = LinkListing.swift; sourceTree = "<group>"; };
		BB44CD851C14F3F90022D875 /* Parse.swift */ = {isa = PBXFileReference; fileEncoding = 4; lastKnownFileType = sourcecode.swift; path = Parse.swift; sourceTree = "<group>"; };
		BB4BB2D71BF02D67003C8D49 /* ExploreRedditsViewController.swift */ = {isa = PBXFileReference; fileEncoding = 4; lastKnownFileType = sourcecode.swift; lineEnding = 0; path = ExploreRedditsViewController.swift; sourceTree = "<group>"; xcLanguageSpecificationIdentifier = xcode.lang.swift; };
		BB4BB2DD1BF0305B003C8D49 /* Session.swift */ = {isa = PBXFileReference; fileEncoding = 4; lastKnownFileType = sourcecode.swift; path = Session.swift; sourceTree = "<group>"; };
		BB4D6C521C29AACA00250E99 /* RedditPostCommentTableViewCell.swift */ = {isa = PBXFileReference; fileEncoding = 4; lastKnownFileType = sourcecode.swift; path = RedditPostCommentTableViewCell.swift; sourceTree = "<group>"; };
		BB4D6C561C29AD5700250E99 /* RedditPostViewController.swift */ = {isa = PBXFileReference; fileEncoding = 4; lastKnownFileType = sourcecode.swift; path = RedditPostViewController.swift; sourceTree = "<group>"; };
		BB5D95F41C14B81F00E26489 /* CommentDataTest.swift */ = {isa = PBXFileReference; fileEncoding = 4; lastKnownFileType = sourcecode.swift; path = CommentDataTest.swift; sourceTree = "<group>"; };
		BB5F0F3A1BFCE8CA00096B5F /* Style Guide */ = {isa = PBXFileReference; fileEncoding = 4; lastKnownFileType = text; path = "Style Guide"; sourceTree = "<group>"; };
		BB5F4B141C114F23009287D9 /* ListingEnums.swift */ = {isa = PBXFileReference; fileEncoding = 4; lastKnownFileType = sourcecode.swift; path = ListingEnums.swift; sourceTree = "<group>"; };
		BB614A2A1BFE219F00DFCC73 /* Session+OAuth.swift */ = {isa = PBXFileReference; fileEncoding = 4; lastKnownFileType = sourcecode.swift; lineEnding = 0; path = "Session+OAuth.swift"; sourceTree = "<group>"; xcLanguageSpecificationIdentifier = xcode.lang.swift; };
		BB614A301BFE37DA00DFCC73 /* Session+APIUsage.swift */ = {isa = PBXFileReference; fileEncoding = 4; lastKnownFileType = sourcecode.swift; path = "Session+APIUsage.swift"; sourceTree = "<group>"; };
		BB67771C1C0BF4550099BF1B /* Errors.swift */ = {isa = PBXFileReference; fileEncoding = 4; lastKnownFileType = sourcecode.swift; path = Errors.swift; sourceTree = "<group>"; };
		BB67771E1C0BF49A0099BF1B /* Stack.swift */ = {isa = PBXFileReference; fileEncoding = 4; lastKnownFileType = sourcecode.swift; path = Stack.swift; sourceTree = "<group>"; };
		BB6777211C0C03D60099BF1B /* Recommender.swift */ = {isa = PBXFileReference; fileEncoding = 4; lastKnownFileType = sourcecode.swift; path = Recommender.swift; sourceTree = "<group>"; };
		BB6777231C0C06640099BF1B /* Session+Front.swift */ = {isa = PBXFileReference; fileEncoding = 4; lastKnownFileType = sourcecode.swift; lineEnding = 0; path = "Session+Front.swift"; sourceTree = "<group>"; xcLanguageSpecificationIdentifier = xcode.lang.swift; };
		BB88093A1C1B4736000C6993 /* RedditPost.swift */ = {isa = PBXFileReference; fileEncoding = 4; lastKnownFileType = sourcecode.swift; path = RedditPost.swift; sourceTree = "<group>"; };
		BB8809411C1B48AA000C6993 /* PostData.swift */ = {isa = PBXFileReference; fileEncoding = 4; lastKnownFileType = sourcecode.swift; path = PostData.swift; sourceTree = "<group>"; };
		BB8809441C1B4D9F000C6993 /* SampleLinkPost */ = {isa = PBXFileReference; fileEncoding = 4; lastKnownFileType = text; path = SampleLinkPost; sourceTree = "<group>"; };
		BB8809461C1BB939000C6993 /* CommentTree.swift */ = {isa = PBXFileReference; fileEncoding = 4; lastKnownFileType = sourcecode.swift; path = CommentTree.swift; sourceTree = "<group>"; };
		BB8809491C1BC6E6000C6993 /* SampleComment */ = {isa = PBXFileReference; fileEncoding = 4; lastKnownFileType = text; path = SampleComment; sourceTree = "<group>"; };
		BB915E041C120E8D00D80F30 /* SampleJsonLinkListing */ = {isa = PBXFileReference; explicitFileType = text; fileEncoding = 4; path = SampleJsonLinkListing; sourceTree = "<group>"; };
		BB9CD96C1C2D0E730048FBF2 /* CommentTableModel.swift */ = {isa = PBXFileReference; fileEncoding = 4; lastKnownFileType = sourcecode.swift; path = CommentTableModel.swift; sourceTree = "<group>"; };
		BBA4AE201C142C2D002F115F /* Dequeue.swift */ = {isa = PBXFileReference; fileEncoding = 4; lastKnownFileType = sourcecode.swift; path = Dequeue.swift; sourceTree = "<group>"; };
		BBDAF1051BF97D670030D3D3 /* OAuthToken.swift */ = {isa = PBXFileReference; fileEncoding = 4; lastKnownFileType = sourcecode.swift; path = OAuthToken.swift; sourceTree = "<group>"; };
		BBDAF1071BF98F550030D3D3 /* Response.swift */ = {isa = PBXFileReference; fileEncoding = 4; lastKnownFileType = sourcecode.swift; path = Response.swift; sourceTree = "<group>"; };
		BBFA3C6E1BFF8498001F1138 /* Filters.swift */ = {isa = PBXFileReference; fileEncoding = 4; lastKnownFileType = sourcecode.swift; lineEnding = 0; path = Filters.swift; sourceTree = "<group>"; xcLanguageSpecificationIdentifier = xcode.lang.swift; };
		BBFA3C731C001C2A001F1138 /* MultiReddit.swift */ = {isa = PBXFileReference; fileEncoding = 4; lastKnownFileType = sourcecode.swift; path = MultiReddit.swift; sourceTree = "<group>"; };
		BBFA3C761C002E96001F1138 /* RequestProperties.swift */ = {isa = PBXFileReference; fileEncoding = 4; lastKnownFileType = sourcecode.swift; path = RequestProperties.swift; sourceTree = "<group>"; };
		BBFA3C791C00440E001F1138 /* Session+Multi.swift */ = {isa = PBXFileReference; fileEncoding = 4; lastKnownFileType = sourcecode.swift; lineEnding = 0; path = "Session+Multi.swift"; sourceTree = "<group>"; xcLanguageSpecificationIdentifier = xcode.lang.swift; };
		BBFF31FE1C2A5AA90023B881 /* Session+RedditPost.swift */ = {isa = PBXFileReference; fileEncoding = 4; lastKnownFileType = sourcecode.swift; path = "Session+RedditPost.swift"; sourceTree = "<group>"; };
/* End PBXFileReference section */

/* Begin PBXFrameworksBuildPhase section */
		BB2791021BEF0407004166AC /* Frameworks */ = {
			isa = PBXFrameworksBuildPhase;
			buildActionMask = 2147483647;
			files = (
			);
			runOnlyForDeploymentPostprocessing = 0;
		};
		BB2791161BEF0407004166AC /* Frameworks */ = {
			isa = PBXFrameworksBuildPhase;
			buildActionMask = 2147483647;
			files = (
			);
			runOnlyForDeploymentPostprocessing = 0;
		};
/* End PBXFrameworksBuildPhase section */

/* Begin PBXGroup section */
		BB222A401C21C59A002B6837 /* Model */ = {
			isa = PBXGroup;
			children = (
				BB222A421C21C5D3002B6837 /* Data Structures */,
				BB222A411C21C5A7002B6837 /* Post */,
				BB2A30B51C11479400117C43 /* ParseTests.swift */,
			);
			path = Model;
			sourceTree = "<group>";
		};
		BB222A411C21C5A7002B6837 /* Post */ = {
			isa = PBXGroup;
			children = (
				BB5D95F41C14B81F00E26489 /* CommentDataTest.swift */,
				BB34DC3B1C1E35B60069AC17 /* CommentTreeTest.swift */,
				BB222A431C21C67E002B6837 /* MoreRepliesTest.swift */,
				BB0463781C153E27009A95AD /* PostDataTest.swift */,
				BB222A3E1C21C587002B6837 /* RedditPostTest.swift */,
			);
			path = Post;
			sourceTree = "<group>";
		};
		BB222A421C21C5D3002B6837 /* Data Structures */ = {
			isa = PBXGroup;
			children = (
				BB0C15031C13EE4F0006905C /* TreeTest.swift */,
			);
			path = "Data Structures";
			sourceTree = "<group>";
		};
		BB2790FC1BEF0407004166AC = {
			isa = PBXGroup;
			children = (
				BB2791061BEF0407004166AC /* Products */,
				BB2791071BEF0407004166AC /* RedditClient */,
				BB27911C1BEF0407004166AC /* RedditClientTests */,
			);
			sourceTree = "<group>";
		};
		BB2791061BEF0407004166AC /* Products */ = {
			isa = PBXGroup;
			children = (
				BB2791051BEF0407004166AC /* RedditClient.app */,
				BB2791191BEF0407004166AC /* RedditClientTests.xctest */,
			);
			name = Products;
			sourceTree = "<group>";
		};
		BB2791071BEF0407004166AC /* RedditClient */ = {
			isa = PBXGroup;
			children = (
				BB4BB2D61BF02A00003C8D49 /* App */,
				BB6777201C0C03800099BF1B /* General Accessory Code */,
				BBFA3C721C001C15001F1138 /* Models */,
				BB4BB2DC1BF03029003C8D49 /* Networking */,
				BB4BB2D51BF029DC003C8D49 /* View Controllers */,
				BB27910F1BEF0407004166AC /* Assets.xcassets */,
				BB2791141BEF0407004166AC /* Info.plist */,
			);
			path = RedditClient;
			sourceTree = "<group>";
		};
		BB27911C1BEF0407004166AC /* RedditClientTests */ = {
			isa = PBXGroup;
			children = (
				BB2966F61BF6630100842542 /* Dev */,
				BB915E061C120E9D00D80F30 /* Samples */,
				BBF2BAFF1C1E94D800ED32D1 /* Tests */,
				BB27911F1BEF0407004166AC /* Info.plist */,
			);
			path = RedditClientTests;
			sourceTree = "<group>";
		};
		BB2966F61BF6630100842542 /* Dev */ = {
			isa = PBXGroup;
			children = (
				BB2966F31BF662FA00842542 /* Notes */,
				BB1832F01C16B05800C82DA3 /* PostDataNotes */,
				BB5F0F3A1BFCE8CA00096B5F /* Style Guide */,
			);
			path = Dev;
			sourceTree = "<group>";
		};
		BB2DD5081C07FD6400A6B0BE /* Accessory Code */ = {
			isa = PBXGroup;
			children = (
				BB9CD96C1C2D0E730048FBF2 /* CommentTableModel.swift */,
			);
			path = "Accessory Code";
			sourceTree = "<group>";
		};
		BB2DD5091C07FD8400A6B0BE /* Accessory Code */ = {
			isa = PBXGroup;
			children = (
				BBFA3C6E1BFF8498001F1138 /* Filters.swift */,
				BBFA3C761C002E96001F1138 /* RequestProperties.swift */,
				BBDAF1071BF98F550030D3D3 /* Response.swift */,
			);
			path = "Accessory Code";
			sourceTree = "<group>";
		};
		BB34DC3D1C1E3B550069AC17 /* Generic Data Structures */ = {
			isa = PBXGroup;
			children = (
				BBA4AE201C142C2D002F115F /* Dequeue.swift */,
				BB2DD5141C0831DF00A6B0BE /* IntelligentStack.swift */,
				BB67771E1C0BF49A0099BF1B /* Stack.swift */,
				BB0C15001C13DB1B0006905C /* Tree.swift */,
			);
			path = "Generic Data Structures";
			sourceTree = "<group>";
		};
		BB3C654B1C2AFCC700D9D3F1 /* LinkListing */ = {
			isa = PBXGroup;
			children = (
				BB3C654C1C2AFCF900D9D3F1 /* LinkListing.swift */,
			);
			path = LinkListing;
			sourceTree = "<group>";
		};
		BB4BB2D51BF029DC003C8D49 /* View Controllers */ = {
			isa = PBXGroup;
			children = (
				BB2DD5081C07FD6400A6B0BE /* Accessory Code */,
				BB4D6C551C29AAE800250E99 /* Content */,
				BB4D6C4F1C29AA3100250E99 /* Custom UITableViewCell's */,
				BB4D6C511C29AA6A00250E99 /* Onboarding */,
			);
			path = "View Controllers";
			sourceTree = "<group>";
		};
		BB4BB2D61BF02A00003C8D49 /* App */ = {
			isa = PBXGroup;
			children = (
				BB2791081BEF0407004166AC /* AppDelegate.swift */,
			);
			path = App;
			sourceTree = "<group>";
		};
		BB4BB2DC1BF03029003C8D49 /* Networking */ = {
			isa = PBXGroup;
			children = (
				BB2DD5091C07FD8400A6B0BE /* Accessory Code */,
				BB614A301BFE37DA00DFCC73 /* Session+APIUsage.swift */,
				BB6777231C0C06640099BF1B /* Session+Front.swift */,
				BBFA3C791C00440E001F1138 /* Session+Multi.swift */,
				BB614A2A1BFE219F00DFCC73 /* Session+OAuth.swift */,
				BB2DD5181C0832DF00A6B0BE /* Session+Recommendations.swift */,
				BBFF31FE1C2A5AA90023B881 /* Session+RedditPost.swift */,
				BB2DD4FF1C0763C500A6B0BE /* Session+Subreddit.swift */,
				BB4BB2DD1BF0305B003C8D49 /* Session.swift */,
			);
			path = Networking;
			sourceTree = "<group>";
		};
		BB4D6C4F1C29AA3100250E99 /* Custom UITableViewCell's */ = {
			isa = PBXGroup;
			children = (
				BB4D6C521C29AACA00250E99 /* RedditPostCommentTableViewCell.swift */,
			);
			path = "Custom UITableViewCell's";
			sourceTree = "<group>";
		};
		BB4D6C511C29AA6A00250E99 /* Onboarding */ = {
			isa = PBXGroup;
			children = (
				BB2966F01BF649FE00842542 /* LoginViewController.swift */,
			);
			path = Onboarding;
			sourceTree = "<group>";
		};
		BB4D6C551C29AAE800250E99 /* Content */ = {
			isa = PBXGroup;
			children = (
				BB4BB2D71BF02D67003C8D49 /* ExploreRedditsViewController.swift */,
				BB2791281BEF0CB5004166AC /* MultiRedditsViewController.swift */,
				BB27910A1BEF0407004166AC /* ProfileViewController.swift */,
				BB4D6C561C29AD5700250E99 /* RedditPostViewController.swift */,
				BB2DD4FC1C07623E00A6B0BE /* SubredditViewController.swift */,
			);
			path = Content;
			sourceTree = "<group>";
		};
		BB6777201C0C03800099BF1B /* General Accessory Code */ = {
			isa = PBXGroup;
			children = (
				BB67771C1C0BF4550099BF1B /* Errors.swift */,
				BB1258E61BF24D89003D928A /* NetworkCommunication.swift */,
				BB6777211C0C03D60099BF1B /* Recommender.swift */,
			);
			path = "General Accessory Code";
			sourceTree = "<group>";
		};
		BB88093D1C1B47E8000C6993 /* Explore VC */ = {
			isa = PBXGroup;
			children = (
				BB2DD50A1C07FF0300A6B0BE /* RecommendationPipeline.swift */,
			);
			path = "Explore VC";
			sourceTree = "<group>";
		};
		BB88093E1C1B481E000C6993 /* Post */ = {
			isa = PBXGroup;
			children = (
				BB0C14FD1C13D9860006905C /* CommentData.swift */,
				BB8809461C1BB939000C6993 /* CommentTree.swift */,
				BB0463721C1536A0009A95AD /* MoreReplies.swift */,
				BB8809411C1B48AA000C6993 /* PostData.swift */,
				BB88093A1C1B4736000C6993 /* RedditPost.swift */,
			);
			path = Post;
			sourceTree = "<group>";
		};
		BB88093F1C1B4837000C6993 /* App-wide */ = {
			isa = PBXGroup;
			children = (
				BBDAF1051BF97D670030D3D3 /* OAuthToken.swift */,
				BB2DD5111C08318E00A6B0BE /* User.swift */,
			);
			path = "App-wide";
			sourceTree = "<group>";
		};
		BB8809401C1B485A000C6993 /* MultiReddit VC */ = {
			isa = PBXGroup;
			children = (
				BBFA3C731C001C2A001F1138 /* MultiReddit.swift */,
			);
			path = "MultiReddit VC";
			sourceTree = "<group>";
		};
		BB915E061C120E9D00D80F30 /* Samples */ = {
			isa = PBXGroup;
			children = (
				BB34DC391C1E35670069AC17 /* CommentTreeTestSample */,
				BB34DC371C1E2E370069AC17 /* MoreSample */,
				BB8809491C1BC6E6000C6993 /* SampleComment */,
				BB915E041C120E8D00D80F30 /* SampleJsonLinkListing */,
				BB8809441C1B4D9F000C6993 /* SampleLinkPost */,
				BB222A451C21CC23002B6837 /* SampleRedditPost */,
				BB2DD5021C07746F00A6B0BE /* SampleSubredditJson */,
				BB2DD50D1C08313200A6B0BE /* SampleUserRequestJson */,
			);
			path = Samples;
			sourceTree = "<group>";
		};
		BBF2BAFF1C1E94D800ED32D1 /* Tests */ = {
			isa = PBXGroup;
			children = (
				BB222A401C21C59A002B6837 /* Model */,
			);
			path = Tests;
			sourceTree = "<group>";
		};
		BBFA3C721C001C15001F1138 /* Models */ = {
			isa = PBXGroup;
			children = (
				BB88093F1C1B4837000C6993 /* App-wide */,
				BB88093D1C1B47E8000C6993 /* Explore VC */,
				BB34DC3D1C1E3B550069AC17 /* Generic Data Structures */,
				BB3C654B1C2AFCC700D9D3F1 /* LinkListing */,
				BB8809401C1B485A000C6993 /* MultiReddit VC */,
				BB88093E1C1B481E000C6993 /* Post */,
				BB5F4B141C114F23009287D9 /* ListingEnums.swift */,
				BB44CD851C14F3F90022D875 /* Parse.swift */,
				BB2DD5051C07785B00A6B0BE /* Post.swift */,
				BB2966EA1BF4E22000842542 /* Result.swift */,
			);
			path = Models;
			sourceTree = "<group>";
		};
/* End PBXGroup section */

/* Begin PBXNativeTarget section */
		BB2791041BEF0407004166AC /* RedditClient */ = {
			isa = PBXNativeTarget;
			buildConfigurationList = BB2791221BEF0407004166AC /* Build configuration list for PBXNativeTarget "RedditClient" */;
			buildPhases = (
				BB2791011BEF0407004166AC /* Sources */,
				BB2791021BEF0407004166AC /* Frameworks */,
				BB2791031BEF0407004166AC /* Resources */,
			);
			buildRules = (
			);
			dependencies = (
			);
			name = RedditClient;
			productName = RedditClient;
			productReference = BB2791051BEF0407004166AC /* RedditClient.app */;
			productType = "com.apple.product-type.application";
		};
		BB2791181BEF0407004166AC /* RedditClientTests */ = {
			isa = PBXNativeTarget;
			buildConfigurationList = BB2791251BEF0407004166AC /* Build configuration list for PBXNativeTarget "RedditClientTests" */;
			buildPhases = (
				BB2791151BEF0407004166AC /* Sources */,
				BB2791161BEF0407004166AC /* Frameworks */,
				BB2791171BEF0407004166AC /* Resources */,
			);
			buildRules = (
			);
			dependencies = (
				BB27911B1BEF0407004166AC /* PBXTargetDependency */,
			);
			name = RedditClientTests;
			productName = RedditClientTests;
			productReference = BB2791191BEF0407004166AC /* RedditClientTests.xctest */;
			productType = "com.apple.product-type.bundle.unit-test";
		};
/* End PBXNativeTarget section */

/* Begin PBXProject section */
		BB2790FD1BEF0407004166AC /* Project object */ = {
			isa = PBXProject;
			attributes = {
				LastSwiftUpdateCheck = 0710;
				LastUpgradeCheck = 0710;
				ORGANIZATIONNAME = "Travis Matthews";
				TargetAttributes = {
					BB2791041BEF0407004166AC = {
						CreatedOnToolsVersion = 7.1;
					};
					BB2791181BEF0407004166AC = {
						CreatedOnToolsVersion = 7.1;
						TestTargetID = BB2791041BEF0407004166AC;
					};
				};
			};
			buildConfigurationList = BB2791001BEF0407004166AC /* Build configuration list for PBXProject "RedditClient" */;
			compatibilityVersion = "Xcode 3.2";
			developmentRegion = English;
			hasScannedForEncodings = 0;
			knownRegions = (
				en,
				Base,
			);
			mainGroup = BB2790FC1BEF0407004166AC;
			productRefGroup = BB2791061BEF0407004166AC /* Products */;
			projectDirPath = "";
			projectRoot = "";
			targets = (
				BB2791041BEF0407004166AC /* RedditClient */,
				BB2791181BEF0407004166AC /* RedditClientTests */,
			);
		};
/* End PBXProject section */

/* Begin PBXResourcesBuildPhase section */
		BB2791031BEF0407004166AC /* Resources */ = {
			isa = PBXResourcesBuildPhase;
			buildActionMask = 2147483647;
			files = (
				BB2791101BEF0407004166AC /* Assets.xcassets in Resources */,
			);
			runOnlyForDeploymentPostprocessing = 0;
		};
		BB2791171BEF0407004166AC /* Resources */ = {
			isa = PBXResourcesBuildPhase;
			buildActionMask = 2147483647;
			files = (
				BB34DC3A1C1E35670069AC17 /* CommentTreeTestSample in Resources */,
				BB2DD50F1C08313200A6B0BE /* SampleUserRequestJson in Resources */,
				BB2DD5041C07746F00A6B0BE /* SampleSubredditJson in Resources */,
				BB8809451C1B4D9F000C6993 /* SampleLinkPost in Resources */,
				BB88094B1C1BC6E6000C6993 /* SampleComment in Resources */,
				BBF2BB011C1E95A800ED32D1 /* PostDataNotes in Resources */,
				BB915E051C120E8D00D80F30 /* SampleJsonLinkListing in Resources */,
				BB34DC381C1E2E370069AC17 /* MoreSample in Resources */,
				BB222A461C21CC23002B6837 /* SampleRedditPost in Resources */,
				BB2966F51BF662FA00842542 /* Notes in Resources */,
				BBF2BB001C1E95A200ED32D1 /* Style Guide in Resources */,
			);
			runOnlyForDeploymentPostprocessing = 0;
		};
/* End PBXResourcesBuildPhase section */

/* Begin PBXSourcesBuildPhase section */
		BB2791011BEF0407004166AC /* Sources */ = {
			isa = PBXSourcesBuildPhase;
			buildActionMask = 2147483647;
			files = (
				BB2966F11BF649FE00842542 /* LoginViewController.swift in Sources */,
				BB9CD96D1C2D0E730048FBF2 /* CommentTableModel.swift in Sources */,
				BB67771D1C0BF4550099BF1B /* Errors.swift in Sources */,
				BB44CD861C14F3F90022D875 /* Parse.swift in Sources */,
				BB6777241C0C06640099BF1B /* Session+Front.swift in Sources */,
				BB4BB2DE1BF0305B003C8D49 /* Session.swift in Sources */,
				BB8809421C1B48AA000C6993 /* PostData.swift in Sources */,
				BBDAF1061BF97D670030D3D3 /* OAuthToken.swift in Sources */,
				BBFA3C771C002E96001F1138 /* RequestProperties.swift in Sources */,
				BBFA3C741C001C2A001F1138 /* MultiReddit.swift in Sources */,
				BB2DD50B1C07FF0300A6B0BE /* RecommendationPipeline.swift in Sources */,
				BB27910B1BEF0407004166AC /* ProfileViewController.swift in Sources */,
				BBDAF1081BF98F550030D3D3 /* Response.swift in Sources */,
				BBFA3C6F1BFF8498001F1138 /* Filters.swift in Sources */,
				BBFA3C7A1C00440E001F1138 /* Session+Multi.swift in Sources */,
				BB4BB2D81BF02D67003C8D49 /* ExploreRedditsViewController.swift in Sources */,
				BB1258E71BF24D89003D928A /* NetworkCommunication.swift in Sources */,
				BB6777221C0C03D60099BF1B /* Recommender.swift in Sources */,
				BB2791091BEF0407004166AC /* AppDelegate.swift in Sources */,
				BB2DD4FD1C07623E00A6B0BE /* SubredditViewController.swift in Sources */,
				BB2DD5001C0763C500A6B0BE /* Session+Subreddit.swift in Sources */,
				BB3C654D1C2AFCF900D9D3F1 /* LinkListing.swift in Sources */,
				BB4D6C571C29AD5700250E99 /* RedditPostViewController.swift in Sources */,
				BB0C14FE1C13D9860006905C /* CommentData.swift in Sources */,
				BB67771F1C0BF49A0099BF1B /* Stack.swift in Sources */,
				BB2966EB1BF4E22000842542 /* Result.swift in Sources */,
				BB2DD5151C0831DF00A6B0BE /* IntelligentStack.swift in Sources */,
				BB4D6C531C29AACA00250E99 /* RedditPostCommentTableViewCell.swift in Sources */,
				BB2DD5061C07785B00A6B0BE /* Post.swift in Sources */,
				BB0C15011C13DB1B0006905C /* Tree.swift in Sources */,
				BBA4AE211C142C2D002F115F /* Dequeue.swift in Sources */,
				BB0463731C1536A0009A95AD /* MoreReplies.swift in Sources */,
				BB2791291BEF0CB5004166AC /* MultiRedditsViewController.swift in Sources */,
				BB614A2B1BFE219F00DFCC73 /* Session+OAuth.swift in Sources */,
				BB88093B1C1B4736000C6993 /* RedditPost.swift in Sources */,
				BBFF31FF1C2A5AA90023B881 /* Session+RedditPost.swift in Sources */,
				BB8809471C1BB939000C6993 /* CommentTree.swift in Sources */,
				BB614A311BFE37DA00DFCC73 /* Session+APIUsage.swift in Sources */,
				BB2DD5121C08318E00A6B0BE /* User.swift in Sources */,
				BB2DD5191C0832DF00A6B0BE /* Session+Recommendations.swift in Sources */,
				BB5F4B151C114F23009287D9 /* ListingEnums.swift in Sources */,
			);
			runOnlyForDeploymentPostprocessing = 0;
		};
		BB2791151BEF0407004166AC /* Sources */ = {
			isa = PBXSourcesBuildPhase;
			buildActionMask = 2147483647;
			files = (
				BB5F4B0F1C114E96009287D9 /* AppDelegate.swift in Sources */,
				BB2DD5131C08318E00A6B0BE /* User.swift in Sources */,
				BB2A30B61C11479400117C43 /* ParseTests.swift in Sources */,
				BB5F4B161C114F23009287D9 /* ListingEnums.swift in Sources */,
				BBFA3C7B1C00440E001F1138 /* Session+Multi.swift in Sources */,
				BB2A30BB1C114E0500117C43 /* NetworkCommunication.swift in Sources */,
				BB0463741C1536A0009A95AD /* MoreReplies.swift in Sources */,
				BB2DD50C1C07FF0300A6B0BE /* RecommendationPipeline.swift in Sources */,
				BB5F4B121C114EBE009287D9 /* ProfileViewController.swift in Sources */,
				BB2DD5011C0763C500A6B0BE /* Session+Subreddit.swift in Sources */,
				BBFF32001C2A5AA90023B881 /* Session+RedditPost.swift in Sources */,
				BB3C654E1C2AFCF900D9D3F1 /* LinkListing.swift in Sources */,
				BB222A441C21C67E002B6837 /* MoreRepliesTest.swift in Sources */,
				BB5F4B101C114EBE009287D9 /* ExploreRedditsViewController.swift in Sources */,
				BB88093C1C1B4736000C6993 /* RedditPost.swift in Sources */,
				BB0463791C153E27009A95AD /* PostDataTest.swift in Sources */,
				BB44CD871C14F3F90022D875 /* Parse.swift in Sources */,
				BB5F4B111C114EBE009287D9 /* MultiRedditsViewController.swift in Sources */,
				BBFA3C781C002E96001F1138 /* RequestProperties.swift in Sources */,
				BB2A30B91C114DD400117C43 /* Result.swift in Sources */,
				BB4D6C581C29AD5700250E99 /* RedditPostViewController.swift in Sources */,
				BB614A2C1BFE219F00DFCC73 /* Session+OAuth.swift in Sources */,
				BBFA3C701BFF8498001F1138 /* Filters.swift in Sources */,
				BB5D95F51C14B81F00E26489 /* CommentDataTest.swift in Sources */,
				BB0C15041C13EE4F0006905C /* TreeTest.swift in Sources */,
				BB34DC3C1C1E35B60069AC17 /* CommentTreeTest.swift in Sources */,
				BB2A30BC1C114E2500117C43 /* Stack.swift in Sources */,
				BB8809481C1BB939000C6993 /* CommentTree.swift in Sources */,
				BB2A30B71C114D6C00117C43 /* Session.swift in Sources */,
				BB2966F21BF649FE00842542 /* LoginViewController.swift in Sources */,
				BB222A3F1C21C587002B6837 /* RedditPostTest.swift in Sources */,
				BBFA3C751C001C2A001F1138 /* MultiReddit.swift in Sources */,
				BB8809431C1B48AA000C6993 /* PostData.swift in Sources */,
				BB6777251C0C06640099BF1B /* Session+Front.swift in Sources */,
				BB2A30BA1C114DE100117C43 /* Response.swift in Sources */,
				BB0C14FF1C13D9860006905C /* CommentData.swift in Sources */,
				BB2A30B81C114D8A00117C43 /* OAuthToken.swift in Sources */,
				BB2DD5161C0831DF00A6B0BE /* IntelligentStack.swift in Sources */,
				BB2DD4FE1C07623E00A6B0BE /* SubredditViewController.swift in Sources */,
				BBA4AE221C142C2D002F115F /* Dequeue.swift in Sources */,
				BB2DD51A1C0832DF00A6B0BE /* Session+Recommendations.swift in Sources */,
				BB5F4B131C114EE2009287D9 /* Recommender.swift in Sources */,
				BB5D95F31C149C6700E26489 /* Errors.swift in Sources */,
				BB2DD5071C07785B00A6B0BE /* Post.swift in Sources */,
				BB614A321BFE37DA00DFCC73 /* Session+APIUsage.swift in Sources */,
				BB0C15021C13DB1B0006905C /* Tree.swift in Sources */,
				BB9CD96E1C2D0E730048FBF2 /* CommentTableModel.swift in Sources */,
				BB4D6C541C29AACA00250E99 /* RedditPostCommentTableViewCell.swift in Sources */,
			);
			runOnlyForDeploymentPostprocessing = 0;
		};
/* End PBXSourcesBuildPhase section */

/* Begin PBXTargetDependency section */
		BB27911B1BEF0407004166AC /* PBXTargetDependency */ = {
			isa = PBXTargetDependency;
			target = BB2791041BEF0407004166AC /* RedditClient */;
			targetProxy = BB27911A1BEF0407004166AC /* PBXContainerItemProxy */;
		};
/* End PBXTargetDependency section */

/* Begin XCBuildConfiguration section */
		BB2791201BEF0407004166AC /* Debug */ = {
			isa = XCBuildConfiguration;
			buildSettings = {
				ALWAYS_SEARCH_USER_PATHS = NO;
				CLANG_CXX_LANGUAGE_STANDARD = "gnu++0x";
				CLANG_CXX_LIBRARY = "libc++";
				CLANG_ENABLE_MODULES = YES;
				CLANG_ENABLE_OBJC_ARC = YES;
				CLANG_WARN_BOOL_CONVERSION = YES;
				CLANG_WARN_CONSTANT_CONVERSION = YES;
				CLANG_WARN_DIRECT_OBJC_ISA_USAGE = YES_ERROR;
				CLANG_WARN_EMPTY_BODY = YES;
				CLANG_WARN_ENUM_CONVERSION = YES;
				CLANG_WARN_INT_CONVERSION = YES;
				CLANG_WARN_OBJC_ROOT_CLASS = YES_ERROR;
				CLANG_WARN_UNREACHABLE_CODE = YES;
				CLANG_WARN__DUPLICATE_METHOD_MATCH = YES;
				"CODE_SIGN_IDENTITY[sdk=iphoneos*]" = "iPhone Developer";
				COPY_PHASE_STRIP = NO;
				DEBUG_INFORMATION_FORMAT = dwarf;
				ENABLE_STRICT_OBJC_MSGSEND = YES;
				ENABLE_TESTABILITY = YES;
				GCC_C_LANGUAGE_STANDARD = gnu99;
				GCC_DYNAMIC_NO_PIC = NO;
				GCC_NO_COMMON_BLOCKS = YES;
				GCC_OPTIMIZATION_LEVEL = 0;
				GCC_PREPROCESSOR_DEFINITIONS = (
					"DEBUG=1",
					"$(inherited)",
				);
				GCC_WARN_64_TO_32_BIT_CONVERSION = YES;
				GCC_WARN_ABOUT_RETURN_TYPE = YES_ERROR;
				GCC_WARN_UNDECLARED_SELECTOR = YES;
				GCC_WARN_UNINITIALIZED_AUTOS = YES_AGGRESSIVE;
				GCC_WARN_UNUSED_FUNCTION = YES;
				GCC_WARN_UNUSED_VARIABLE = YES;
				IPHONEOS_DEPLOYMENT_TARGET = 9.1;
				MTL_ENABLE_DEBUG_INFO = YES;
				ONLY_ACTIVE_ARCH = YES;
				SDKROOT = iphoneos;
				SWIFT_OPTIMIZATION_LEVEL = "-Onone";
				TARGETED_DEVICE_FAMILY = "1,2";
			};
			name = Debug;
		};
		BB2791211BEF0407004166AC /* Release */ = {
			isa = XCBuildConfiguration;
			buildSettings = {
				ALWAYS_SEARCH_USER_PATHS = NO;
				CLANG_CXX_LANGUAGE_STANDARD = "gnu++0x";
				CLANG_CXX_LIBRARY = "libc++";
				CLANG_ENABLE_MODULES = YES;
				CLANG_ENABLE_OBJC_ARC = YES;
				CLANG_WARN_BOOL_CONVERSION = YES;
				CLANG_WARN_CONSTANT_CONVERSION = YES;
				CLANG_WARN_DIRECT_OBJC_ISA_USAGE = YES_ERROR;
				CLANG_WARN_EMPTY_BODY = YES;
				CLANG_WARN_ENUM_CONVERSION = YES;
				CLANG_WARN_INT_CONVERSION = YES;
				CLANG_WARN_OBJC_ROOT_CLASS = YES_ERROR;
				CLANG_WARN_UNREACHABLE_CODE = YES;
				CLANG_WARN__DUPLICATE_METHOD_MATCH = YES;
				"CODE_SIGN_IDENTITY[sdk=iphoneos*]" = "iPhone Developer";
				COPY_PHASE_STRIP = NO;
				DEBUG_INFORMATION_FORMAT = "dwarf-with-dsym";
				ENABLE_NS_ASSERTIONS = NO;
				ENABLE_STRICT_OBJC_MSGSEND = YES;
				GCC_C_LANGUAGE_STANDARD = gnu99;
				GCC_NO_COMMON_BLOCKS = YES;
				GCC_WARN_64_TO_32_BIT_CONVERSION = YES;
				GCC_WARN_ABOUT_RETURN_TYPE = YES_ERROR;
				GCC_WARN_UNDECLARED_SELECTOR = YES;
				GCC_WARN_UNINITIALIZED_AUTOS = YES_AGGRESSIVE;
				GCC_WARN_UNUSED_FUNCTION = YES;
				GCC_WARN_UNUSED_VARIABLE = YES;
				IPHONEOS_DEPLOYMENT_TARGET = 9.1;
				MTL_ENABLE_DEBUG_INFO = NO;
				SDKROOT = iphoneos;
				TARGETED_DEVICE_FAMILY = "1,2";
				VALIDATE_PRODUCT = YES;
			};
			name = Release;
		};
		BB2791231BEF0407004166AC /* Debug */ = {
			isa = XCBuildConfiguration;
			buildSettings = {
				ASSETCATALOG_COMPILER_APPICON_NAME = AppIcon;
				INFOPLIST_FILE = RedditClient/Info.plist;
				LD_RUNPATH_SEARCH_PATHS = "$(inherited) @executable_path/Frameworks";
				PRODUCT_BUNDLE_IDENTIFIER = com.TravisMatthews.RedditClient;
				PRODUCT_NAME = "$(TARGET_NAME)";
			};
			name = Debug;
		};
		BB2791241BEF0407004166AC /* Release */ = {
			isa = XCBuildConfiguration;
			buildSettings = {
				ASSETCATALOG_COMPILER_APPICON_NAME = AppIcon;
				INFOPLIST_FILE = RedditClient/Info.plist;
				LD_RUNPATH_SEARCH_PATHS = "$(inherited) @executable_path/Frameworks";
				PRODUCT_BUNDLE_IDENTIFIER = com.TravisMatthews.RedditClient;
				PRODUCT_NAME = "$(TARGET_NAME)";
			};
			name = Release;
		};
		BB2791261BEF0407004166AC /* Debug */ = {
			isa = XCBuildConfiguration;
			buildSettings = {
				BUNDLE_LOADER = "$(TEST_HOST)";
				INFOPLIST_FILE = RedditClientTests/Info.plist;
				LD_RUNPATH_SEARCH_PATHS = "$(inherited) @executable_path/Frameworks @loader_path/Frameworks";
				PRODUCT_BUNDLE_IDENTIFIER = com.TravisMatthews.RedditClientTests;
				PRODUCT_NAME = "$(TARGET_NAME)";
				TEST_HOST = "$(BUILT_PRODUCTS_DIR)/RedditClient.app/RedditClient";
			};
			name = Debug;
		};
		BB2791271BEF0407004166AC /* Release */ = {
			isa = XCBuildConfiguration;
			buildSettings = {
				BUNDLE_LOADER = "$(TEST_HOST)";
				INFOPLIST_FILE = RedditClientTests/Info.plist;
				LD_RUNPATH_SEARCH_PATHS = "$(inherited) @executable_path/Frameworks @loader_path/Frameworks";
				PRODUCT_BUNDLE_IDENTIFIER = com.TravisMatthews.RedditClientTests;
				PRODUCT_NAME = "$(TARGET_NAME)";
				TEST_HOST = "$(BUILT_PRODUCTS_DIR)/RedditClient.app/RedditClient";
			};
			name = Release;
		};
/* End XCBuildConfiguration section */

/* Begin XCConfigurationList section */
		BB2791001BEF0407004166AC /* Build configuration list for PBXProject "RedditClient" */ = {
			isa = XCConfigurationList;
			buildConfigurations = (
				BB2791201BEF0407004166AC /* Debug */,
				BB2791211BEF0407004166AC /* Release */,
			);
			defaultConfigurationIsVisible = 0;
			defaultConfigurationName = Release;
		};
		BB2791221BEF0407004166AC /* Build configuration list for PBXNativeTarget "RedditClient" */ = {
			isa = XCConfigurationList;
			buildConfigurations = (
				BB2791231BEF0407004166AC /* Debug */,
				BB2791241BEF0407004166AC /* Release */,
			);
			defaultConfigurationIsVisible = 0;
			defaultConfigurationName = Release;
		};
		BB2791251BEF0407004166AC /* Build configuration list for PBXNativeTarget "RedditClientTests" */ = {
			isa = XCConfigurationList;
			buildConfigurations = (
				BB2791261BEF0407004166AC /* Debug */,
				BB2791271BEF0407004166AC /* Release */,
			);
			defaultConfigurationIsVisible = 0;
			defaultConfigurationName = Release;
		};
/* End XCConfigurationList section */
	};
	rootObject = BB2790FD1BEF0407004166AC /* Project object */;
}
