// !$*UTF8*$!
{
	archiveVersion = 1;
	classes = {
	};
	objectVersion = 46;
	objects = {

/* Begin PBXBuildFile section */
		BB1258E71BF24D89003D928A /* ListingsViewController.swift in Sources */ = {isa = PBXBuildFile; fileRef = BB1258E61BF24D89003D928A /* ListingsViewController.swift */; };
		BB1258E91BF306C6003D928A /* ParsingJSON.swift in Sources */ = {isa = PBXBuildFile; fileRef = BB1258E81BF306C6003D928A /* ParsingJSON.swift */; };
		BB1258EA1BF306C6003D928A /* ParsingJSON.swift in Sources */ = {isa = PBXBuildFile; fileRef = BB1258E81BF306C6003D928A /* ParsingJSON.swift */; };
		BB2791091BEF0407004166AC /* AppDelegate.swift in Sources */ = {isa = PBXBuildFile; fileRef = BB2791081BEF0407004166AC /* AppDelegate.swift */; };
		BB27910B1BEF0407004166AC /* SettingsViewController.swift in Sources */ = {isa = PBXBuildFile; fileRef = BB27910A1BEF0407004166AC /* SettingsViewController.swift */; };
		BB2791101BEF0407004166AC /* Assets.xcassets in Resources */ = {isa = PBXBuildFile; fileRef = BB27910F1BEF0407004166AC /* Assets.xcassets */; };
		BB27911E1BEF0407004166AC /* RedditClientTests.swift in Sources */ = {isa = PBXBuildFile; fileRef = BB27911D1BEF0407004166AC /* RedditClientTests.swift */; };
		BB2791291BEF0CB5004166AC /* MultiRedditsViewController.swift in Sources */ = {isa = PBXBuildFile; fileRef = BB2791281BEF0CB5004166AC /* MultiRedditsViewController.swift */; };
		BB2966EB1BF4E22000842542 /* Result.swift in Sources */ = {isa = PBXBuildFile; fileRef = BB2966EA1BF4E22000842542 /* Result.swift */; };
		BB2966ED1BF4E8F100842542 /* NSError+errorWithCode.swift in Sources */ = {isa = PBXBuildFile; fileRef = BB2966EC1BF4E8F100842542 /* NSError+errorWithCode.swift */; };
		BB2966F11BF649FE00842542 /* LoginViewController.swift in Sources */ = {isa = PBXBuildFile; fileRef = BB2966F01BF649FE00842542 /* LoginViewController.swift */; };
		BB2966F21BF649FE00842542 /* LoginViewController.swift in Sources */ = {isa = PBXBuildFile; fileRef = BB2966F01BF649FE00842542 /* LoginViewController.swift */; };
		BB2966F41BF662FA00842542 /* Notes in Resources */ = {isa = PBXBuildFile; fileRef = BB2966F31BF662FA00842542 /* Notes */; };
		BB2966F51BF662FA00842542 /* Notes in Resources */ = {isa = PBXBuildFile; fileRef = BB2966F31BF662FA00842542 /* Notes */; };
		BB4BB2D81BF02D67003C8D49 /* GenericRedditsTableViewController.swift in Sources */ = {isa = PBXBuildFile; fileRef = BB4BB2D71BF02D67003C8D49 /* GenericRedditsTableViewController.swift */; };
		BB4BB2DB1BF02E2F003C8D49 /* Structs & Extensions.swift in Sources */ = {isa = PBXBuildFile; fileRef = BB4BB2DA1BF02E2F003C8D49 /* Structs & Extensions.swift */; };
		BB4BB2DE1BF0305B003C8D49 /* APIManager.swift in Sources */ = {isa = PBXBuildFile; fileRef = BB4BB2DD1BF0305B003C8D49 /* APIManager.swift */; };
		BB4BB2E01BF04302003C8D49 /* SwiftyJSON.swift in Sources */ = {isa = PBXBuildFile; fileRef = BB4BB2DF1BF04302003C8D49 /* SwiftyJSON.swift */; };
/* End PBXBuildFile section */

/* Begin PBXContainerItemProxy section */
		BB27911A1BEF0407004166AC /* PBXContainerItemProxy */ = {
			isa = PBXContainerItemProxy;
			containerPortal = BB2790FD1BEF0407004166AC /* Project object */;
			proxyType = 1;
			remoteGlobalIDString = BB2791041BEF0407004166AC;
			remoteInfo = RedditClient;
		};
/* End PBXContainerItemProxy section */

/* Begin PBXFileReference section */
		BB1258E61BF24D89003D928A /* ListingsViewController.swift */ = {isa = PBXFileReference; fileEncoding = 4; lastKnownFileType = sourcecode.swift; path = ListingsViewController.swift; sourceTree = "<group>"; };
		BB1258E81BF306C6003D928A /* ParsingJSON.swift */ = {isa = PBXFileReference; fileEncoding = 4; lastKnownFileType = sourcecode.swift; path = ParsingJSON.swift; sourceTree = "<group>"; };
		BB2791051BEF0407004166AC /* RedditClient.app */ = {isa = PBXFileReference; explicitFileType = wrapper.application; includeInIndex = 0; path = RedditClient.app; sourceTree = BUILT_PRODUCTS_DIR; };
		BB2791081BEF0407004166AC /* AppDelegate.swift */ = {isa = PBXFileReference; lastKnownFileType = sourcecode.swift; path = AppDelegate.swift; sourceTree = "<group>"; };
		BB27910A1BEF0407004166AC /* SettingsViewController.swift */ = {isa = PBXFileReference; lastKnownFileType = sourcecode.swift; path = SettingsViewController.swift; sourceTree = "<group>"; };
		BB27910F1BEF0407004166AC /* Assets.xcassets */ = {isa = PBXFileReference; lastKnownFileType = folder.assetcatalog; path = Assets.xcassets; sourceTree = "<group>"; };
		BB2791141BEF0407004166AC /* Info.plist */ = {isa = PBXFileReference; lastKnownFileType = text.plist.xml; path = Info.plist; sourceTree = "<group>"; };
		BB2791191BEF0407004166AC /* RedditClientTests.xctest */ = {isa = PBXFileReference; explicitFileType = wrapper.cfbundle; includeInIndex = 0; path = RedditClientTests.xctest; sourceTree = BUILT_PRODUCTS_DIR; };
		BB27911D1BEF0407004166AC /* RedditClientTests.swift */ = {isa = PBXFileReference; lastKnownFileType = sourcecode.swift; path = RedditClientTests.swift; sourceTree = "<group>"; };
		BB27911F1BEF0407004166AC /* Info.plist */ = {isa = PBXFileReference; lastKnownFileType = text.plist.xml; path = Info.plist; sourceTree = "<group>"; };
		BB2791281BEF0CB5004166AC /* MultiRedditsViewController.swift */ = {isa = PBXFileReference; fileEncoding = 4; lastKnownFileType = sourcecode.swift; path = MultiRedditsViewController.swift; sourceTree = "<group>"; };
		BB2966EA1BF4E22000842542 /* Result.swift */ = {isa = PBXFileReference; fileEncoding = 4; lastKnownFileType = sourcecode.swift; path = Result.swift; sourceTree = "<group>"; };
		BB2966EC1BF4E8F100842542 /* NSError+errorWithCode.swift */ = {isa = PBXFileReference; fileEncoding = 4; lastKnownFileType = sourcecode.swift; path = "NSError+errorWithCode.swift"; sourceTree = "<group>"; };
		BB2966F01BF649FE00842542 /* LoginViewController.swift */ = {isa = PBXFileReference; fileEncoding = 4; lastKnownFileType = sourcecode.swift; name = LoginViewController.swift; path = ../LoginViewController.swift; sourceTree = "<group>"; };
		BB2966F31BF662FA00842542 /* Notes */ = {isa = PBXFileReference; fileEncoding = 4; lastKnownFileType = text; path = Notes; sourceTree = "<group>"; };
		BB4BB2D71BF02D67003C8D49 /* GenericRedditsTableViewController.swift */ = {isa = PBXFileReference; fileEncoding = 4; lastKnownFileType = sourcecode.swift; path = GenericRedditsTableViewController.swift; sourceTree = "<group>"; };
		BB4BB2DA1BF02E2F003C8D49 /* Structs & Extensions.swift */ = {isa = PBXFileReference; fileEncoding = 4; lastKnownFileType = sourcecode.swift; path = "Structs & Extensions.swift"; sourceTree = "<group>"; };
		BB4BB2DD1BF0305B003C8D49 /* APIManager.swift */ = {isa = PBXFileReference; fileEncoding = 4; lastKnownFileType = sourcecode.swift; path = APIManager.swift; sourceTree = "<group>"; };
		BB4BB2DF1BF04302003C8D49 /* SwiftyJSON.swift */ = {isa = PBXFileReference; fileEncoding = 4; lastKnownFileType = sourcecode.swift; path = SwiftyJSON.swift; sourceTree = "<group>"; };
/* End PBXFileReference section */

/* Begin PBXFrameworksBuildPhase section */
		BB2791021BEF0407004166AC /* Frameworks */ = {
			isa = PBXFrameworksBuildPhase;
			buildActionMask = 2147483647;
			files = (
			);
			runOnlyForDeploymentPostprocessing = 0;
		};
		BB2791161BEF0407004166AC /* Frameworks */ = {
			isa = PBXFrameworksBuildPhase;
			buildActionMask = 2147483647;
			files = (
			);
			runOnlyForDeploymentPostprocessing = 0;
		};
/* End PBXFrameworksBuildPhase section */

/* Begin PBXGroup section */
		BB2790FC1BEF0407004166AC = {
			isa = PBXGroup;
			children = (
				BB2791071BEF0407004166AC /* RedditClient */,
				BB27911C1BEF0407004166AC /* RedditClientTests */,
				BB2791061BEF0407004166AC /* Products */,
			);
			sourceTree = "<group>";
		};
		BB2791061BEF0407004166AC /* Products */ = {
			isa = PBXGroup;
			children = (
				BB2791051BEF0407004166AC /* RedditClient.app */,
				BB2791191BEF0407004166AC /* RedditClientTests.xctest */,
			);
			name = Products;
			sourceTree = "<group>";
		};
		BB2791071BEF0407004166AC /* RedditClient */ = {
			isa = PBXGroup;
			children = (
				BB4BB2D61BF02A00003C8D49 /* App */,
				BB4BB2D91BF02DF3003C8D49 /* Structs & Extensions */,
				BB4BB2DC1BF03029003C8D49 /* Networking */,
				BB4BB2D51BF029DC003C8D49 /* View Controllers */,
				BB27910F1BEF0407004166AC /* Assets.xcassets */,
				BB4BB2DF1BF04302003C8D49 /* SwiftyJSON.swift */,
				BB2966E91BF4E1F900842542 /* Utility */,
				BB2791141BEF0407004166AC /* Info.plist */,
				BB2966F61BF6630100842542 /* Dev */,
			);
			path = RedditClient;
			sourceTree = "<group>";
		};
		BB27911C1BEF0407004166AC /* RedditClientTests */ = {
			isa = PBXGroup;
			children = (
				BB27911D1BEF0407004166AC /* RedditClientTests.swift */,
				BB27911F1BEF0407004166AC /* Info.plist */,
			);
			path = RedditClientTests;
			sourceTree = "<group>";
		};
		BB2966E91BF4E1F900842542 /* Utility */ = {
			isa = PBXGroup;
			children = (
				BB2966EA1BF4E22000842542 /* Result.swift */,
				BB2966EC1BF4E8F100842542 /* NSError+errorWithCode.swift */,
			);
			name = Utility;
			sourceTree = "<group>";
		};
		BB2966F61BF6630100842542 /* Dev */ = {
			isa = PBXGroup;
			children = (
				BB2966F31BF662FA00842542 /* Notes */,
			);
			name = Dev;
			sourceTree = "<group>";
		};
		BB4BB2D51BF029DC003C8D49 /* View Controllers */ = {
			isa = PBXGroup;
			children = (
				BB2966F01BF649FE00842542 /* LoginViewController.swift */,
				BB27910A1BEF0407004166AC /* SettingsViewController.swift */,
				BB2791281BEF0CB5004166AC /* MultiRedditsViewController.swift */,
				BB4BB2D71BF02D67003C8D49 /* GenericRedditsTableViewController.swift */,
				BB1258E61BF24D89003D928A /* ListingsViewController.swift */,
			);
			name = "View Controllers";
			sourceTree = "<group>";
		};
		BB4BB2D61BF02A00003C8D49 /* App */ = {
			isa = PBXGroup;
			children = (
				BB2791081BEF0407004166AC /* AppDelegate.swift */,
			);
			name = App;
			sourceTree = "<group>";
		};
		BB4BB2D91BF02DF3003C8D49 /* Structs & Extensions */ = {
			isa = PBXGroup;
			children = (
				BB4BB2DA1BF02E2F003C8D49 /* Structs & Extensions.swift */,
			);
			name = "Structs & Extensions";
			sourceTree = "<group>";
		};
		BB4BB2DC1BF03029003C8D49 /* Networking */ = {
			isa = PBXGroup;
			children = (
				BB4BB2DD1BF0305B003C8D49 /* APIManager.swift */,
				BB1258E81BF306C6003D928A /* ParsingJSON.swift */,
			);
			name = Networking;
			sourceTree = "<group>";
		};
/* End PBXGroup section */

/* Begin PBXNativeTarget section */
		BB2791041BEF0407004166AC /* RedditClient */ = {
			isa = PBXNativeTarget;
			buildConfigurationList = BB2791221BEF0407004166AC /* Build configuration list for PBXNativeTarget "RedditClient" */;
			buildPhases = (
				BB2791011BEF0407004166AC /* Sources */,
				BB2791021BEF0407004166AC /* Frameworks */,
				BB2791031BEF0407004166AC /* Resources */,
			);
			buildRules = (
			);
			dependencies = (
			);
			name = RedditClient;
			productName = RedditClient;
			productReference = BB2791051BEF0407004166AC /* RedditClient.app */;
			productType = "com.apple.product-type.application";
		};
		BB2791181BEF0407004166AC /* RedditClientTests */ = {
			isa = PBXNativeTarget;
			buildConfigurationList = BB2791251BEF0407004166AC /* Build configuration list for PBXNativeTarget "RedditClientTests" */;
			buildPhases = (
				BB2791151BEF0407004166AC /* Sources */,
				BB2791161BEF0407004166AC /* Frameworks */,
				BB2791171BEF0407004166AC /* Resources */,
			);
			buildRules = (
			);
			dependencies = (
				BB27911B1BEF0407004166AC /* PBXTargetDependency */,
			);
			name = RedditClientTests;
			productName = RedditClientTests;
			productReference = BB2791191BEF0407004166AC /* RedditClientTests.xctest */;
			productType = "com.apple.product-type.bundle.unit-test";
		};
/* End PBXNativeTarget section */

/* Begin PBXProject section */
		BB2790FD1BEF0407004166AC /* Project object */ = {
			isa = PBXProject;
			attributes = {
				LastSwiftUpdateCheck = 0710;
				LastUpgradeCheck = 0710;
				ORGANIZATIONNAME = "Travis Matthews";
				TargetAttributes = {
					BB2791041BEF0407004166AC = {
						CreatedOnToolsVersion = 7.1;
					};
					BB2791181BEF0407004166AC = {
						CreatedOnToolsVersion = 7.1;
						TestTargetID = BB2791041BEF0407004166AC;
					};
				};
			};
			buildConfigurationList = BB2791001BEF0407004166AC /* Build configuration list for PBXProject "RedditClient" */;
			compatibilityVersion = "Xcode 3.2";
			developmentRegion = English;
			hasScannedForEncodings = 0;
			knownRegions = (
				en,
				Base,
			);
			mainGroup = BB2790FC1BEF0407004166AC;
			productRefGroup = BB2791061BEF0407004166AC /* Products */;
			projectDirPath = "";
			projectRoot = "";
			targets = (
				BB2791041BEF0407004166AC /* RedditClient */,
				BB2791181BEF0407004166AC /* RedditClientTests */,
			);
		};
/* End PBXProject section */

/* Begin PBXResourcesBuildPhase section */
		BB2791031BEF0407004166AC /* Resources */ = {
			isa = PBXResourcesBuildPhase;
			buildActionMask = 2147483647;
			files = (
				BB2966F41BF662FA00842542 /* Notes in Resources */,
				BB2791101BEF0407004166AC /* Assets.xcassets in Resources */,
			);
			runOnlyForDeploymentPostprocessing = 0;
		};
		BB2791171BEF0407004166AC /* Resources */ = {
			isa = PBXResourcesBuildPhase;
			buildActionMask = 2147483647;
			files = (
				BB2966F51BF662FA00842542 /* Notes in Resources */,
			);
			runOnlyForDeploymentPostprocessing = 0;
		};
/* End PBXResourcesBuildPhase section */

/* Begin PBXSourcesBuildPhase section */
		BB2791011BEF0407004166AC /* Sources */ = {
			isa = PBXSourcesBuildPhase;
			buildActionMask = 2147483647;
			files = (
				BB2966F11BF649FE00842542 /* LoginViewController.swift in Sources */,
				BB1258E91BF306C6003D928A /* ParsingJSON.swift in Sources */,
				BB4BB2DE1BF0305B003C8D49 /* APIManager.swift in Sources */,
				BB2966ED1BF4E8F100842542 /* NSError+errorWithCode.swift in Sources */,
				BB27910B1BEF0407004166AC /* SettingsViewController.swift in Sources */,
				BB4BB2D81BF02D67003C8D49 /* GenericRedditsTableViewController.swift in Sources */,
				BB1258E71BF24D89003D928A /* ListingsViewController.swift in Sources */,
				BB2791091BEF0407004166AC /* AppDelegate.swift in Sources */,
				BB2966EB1BF4E22000842542 /* Result.swift in Sources */,
				BB4BB2DB1BF02E2F003C8D49 /* Structs & Extensions.swift in Sources */,
				BB4BB2E01BF04302003C8D49 /* SwiftyJSON.swift in Sources */,
				BB2791291BEF0CB5004166AC /* MultiRedditsViewController.swift in Sources */,
			);
			runOnlyForDeploymentPostprocessing = 0;
		};
		BB2791151BEF0407004166AC /* Sources */ = {
			isa = PBXSourcesBuildPhase;
			buildActionMask = 2147483647;
			files = (
				BB2966F21BF649FE00842542 /* LoginViewController.swift in Sources */,
				BB1258EA1BF306C6003D928A /* ParsingJSON.swift in Sources */,
				BB27911E1BEF0407004166AC /* RedditClientTests.swift in Sources */,
			);
			runOnlyForDeploymentPostprocessing = 0;
		};
/* End PBXSourcesBuildPhase section */

/* Begin PBXTargetDependency section */
		BB27911B1BEF0407004166AC /* PBXTargetDependency */ = {
			isa = PBXTargetDependency;
			target = BB2791041BEF0407004166AC /* RedditClient */;
			targetProxy = BB27911A1BEF0407004166AC /* PBXContainerItemProxy */;
		};
/* End PBXTargetDependency section */

/* Begin XCBuildConfiguration section */
		BB2791201BEF0407004166AC /* Debug */ = {
			isa = XCBuildConfiguration;
			buildSettings = {
				ALWAYS_SEARCH_USER_PATHS = NO;
				CLANG_CXX_LANGUAGE_STANDARD = "gnu++0x";
				CLANG_CXX_LIBRARY = "libc++";
				CLANG_ENABLE_MODULES = YES;
				CLANG_ENABLE_OBJC_ARC = YES;
				CLANG_WARN_BOOL_CONVERSION = YES;
				CLANG_WARN_CONSTANT_CONVERSION = YES;
				CLANG_WARN_DIRECT_OBJC_ISA_USAGE = YES_ERROR;
				CLANG_WARN_EMPTY_BODY = YES;
				CLANG_WARN_ENUM_CONVERSION = YES;
				CLANG_WARN_INT_CONVERSION = YES;
				CLANG_WARN_OBJC_ROOT_CLASS = YES_ERROR;
				CLANG_WARN_UNREACHABLE_CODE = YES;
				CLANG_WARN__DUPLICATE_METHOD_MATCH = YES;
				"CODE_SIGN_IDENTITY[sdk=iphoneos*]" = "iPhone Developer";
				COPY_PHASE_STRIP = NO;
				DEBUG_INFORMATION_FORMAT = dwarf;
				ENABLE_STRICT_OBJC_MSGSEND = YES;
				ENABLE_TESTABILITY = YES;
				GCC_C_LANGUAGE_STANDARD = gnu99;
				GCC_DYNAMIC_NO_PIC = NO;
				GCC_NO_COMMON_BLOCKS = YES;
				GCC_OPTIMIZATION_LEVEL = 0;
				GCC_PREPROCESSOR_DEFINITIONS = (
					"DEBUG=1",
					"$(inherited)",
				);
				GCC_WARN_64_TO_32_BIT_CONVERSION = YES;
				GCC_WARN_ABOUT_RETURN_TYPE = YES_ERROR;
				GCC_WARN_UNDECLARED_SELECTOR = YES;
				GCC_WARN_UNINITIALIZED_AUTOS = YES_AGGRESSIVE;
				GCC_WARN_UNUSED_FUNCTION = YES;
				GCC_WARN_UNUSED_VARIABLE = YES;
				IPHONEOS_DEPLOYMENT_TARGET = 9.1;
				MTL_ENABLE_DEBUG_INFO = YES;
				ONLY_ACTIVE_ARCH = YES;
				SDKROOT = iphoneos;
				SWIFT_OPTIMIZATION_LEVEL = "-Onone";
				TARGETED_DEVICE_FAMILY = "1,2";
			};
			name = Debug;
		};
		BB2791211BEF0407004166AC /* Release */ = {
			isa = XCBuildConfiguration;
			buildSettings = {
				ALWAYS_SEARCH_USER_PATHS = NO;
				CLANG_CXX_LANGUAGE_STANDARD = "gnu++0x";
				CLANG_CXX_LIBRARY = "libc++";
				CLANG_ENABLE_MODULES = YES;
				CLANG_ENABLE_OBJC_ARC = YES;
				CLANG_WARN_BOOL_CONVERSION = YES;
				CLANG_WARN_CONSTANT_CONVERSION = YES;
				CLANG_WARN_DIRECT_OBJC_ISA_USAGE = YES_ERROR;
				CLANG_WARN_EMPTY_BODY = YES;
				CLANG_WARN_ENUM_CONVERSION = YES;
				CLANG_WARN_INT_CONVERSION = YES;
				CLANG_WARN_OBJC_ROOT_CLASS = YES_ERROR;
				CLANG_WARN_UNREACHABLE_CODE = YES;
				CLANG_WARN__DUPLICATE_METHOD_MATCH = YES;
				"CODE_SIGN_IDENTITY[sdk=iphoneos*]" = "iPhone Developer";
				COPY_PHASE_STRIP = NO;
				DEBUG_INFORMATION_FORMAT = "dwarf-with-dsym";
				ENABLE_NS_ASSERTIONS = NO;
				ENABLE_STRICT_OBJC_MSGSEND = YES;
				GCC_C_LANGUAGE_STANDARD = gnu99;
				GCC_NO_COMMON_BLOCKS = YES;
				GCC_WARN_64_TO_32_BIT_CONVERSION = YES;
				GCC_WARN_ABOUT_RETURN_TYPE = YES_ERROR;
				GCC_WARN_UNDECLARED_SELECTOR = YES;
				GCC_WARN_UNINITIALIZED_AUTOS = YES_AGGRESSIVE;
				GCC_WARN_UNUSED_FUNCTION = YES;
				GCC_WARN_UNUSED_VARIABLE = YES;
				IPHONEOS_DEPLOYMENT_TARGET = 9.1;
				MTL_ENABLE_DEBUG_INFO = NO;
				SDKROOT = iphoneos;
				TARGETED_DEVICE_FAMILY = "1,2";
				VALIDATE_PRODUCT = YES;
			};
			name = Release;
		};
		BB2791231BEF0407004166AC /* Debug */ = {
			isa = XCBuildConfiguration;
			buildSettings = {
				ASSETCATALOG_COMPILER_APPICON_NAME = AppIcon;
				INFOPLIST_FILE = RedditClient/Info.plist;
				LD_RUNPATH_SEARCH_PATHS = "$(inherited) @executable_path/Frameworks";
				PRODUCT_BUNDLE_IDENTIFIER = com.TravisMatthews.RedditClient;
				PRODUCT_NAME = "$(TARGET_NAME)";
			};
			name = Debug;
		};
		BB2791241BEF0407004166AC /* Release */ = {
			isa = XCBuildConfiguration;
			buildSettings = {
				ASSETCATALOG_COMPILER_APPICON_NAME = AppIcon;
				INFOPLIST_FILE = RedditClient/Info.plist;
				LD_RUNPATH_SEARCH_PATHS = "$(inherited) @executable_path/Frameworks";
				PRODUCT_BUNDLE_IDENTIFIER = com.TravisMatthews.RedditClient;
				PRODUCT_NAME = "$(TARGET_NAME)";
			};
			name = Release;
		};
		BB2791261BEF0407004166AC /* Debug */ = {
			isa = XCBuildConfiguration;
			buildSettings = {
				BUNDLE_LOADER = "$(TEST_HOST)";
				INFOPLIST_FILE = RedditClientTests/Info.plist;
				LD_RUNPATH_SEARCH_PATHS = "$(inherited) @executable_path/Frameworks @loader_path/Frameworks";
				PRODUCT_BUNDLE_IDENTIFIER = com.TravisMatthews.RedditClientTests;
				PRODUCT_NAME = "$(TARGET_NAME)";
				TEST_HOST = "$(BUILT_PRODUCTS_DIR)/RedditClient.app/RedditClient";
			};
			name = Debug;
		};
		BB2791271BEF0407004166AC /* Release */ = {
			isa = XCBuildConfiguration;
			buildSettings = {
				BUNDLE_LOADER = "$(TEST_HOST)";
				INFOPLIST_FILE = RedditClientTests/Info.plist;
				LD_RUNPATH_SEARCH_PATHS = "$(inherited) @executable_path/Frameworks @loader_path/Frameworks";
				PRODUCT_BUNDLE_IDENTIFIER = com.TravisMatthews.RedditClientTests;
				PRODUCT_NAME = "$(TARGET_NAME)";
				TEST_HOST = "$(BUILT_PRODUCTS_DIR)/RedditClient.app/RedditClient";
			};
			name = Release;
		};
/* End XCBuildConfiguration section */

/* Begin XCConfigurationList section */
		BB2791001BEF0407004166AC /* Build configuration list for PBXProject "RedditClient" */ = {
			isa = XCConfigurationList;
			buildConfigurations = (
				BB2791201BEF0407004166AC /* Debug */,
				BB2791211BEF0407004166AC /* Release */,
			);
			defaultConfigurationIsVisible = 0;
			defaultConfigurationName = Release;
		};
		BB2791221BEF0407004166AC /* Build configuration list for PBXNativeTarget "RedditClient" */ = {
			isa = XCConfigurationList;
			buildConfigurations = (
				BB2791231BEF0407004166AC /* Debug */,
				BB2791241BEF0407004166AC /* Release */,
			);
			defaultConfigurationIsVisible = 0;
			defaultConfigurationName = Release;
		};
		BB2791251BEF0407004166AC /* Build configuration list for PBXNativeTarget "RedditClientTests" */ = {
			isa = XCConfigurationList;
			buildConfigurations = (
				BB2791261BEF0407004166AC /* Debug */,
				BB2791271BEF0407004166AC /* Release */,
			);
			defaultConfigurationIsVisible = 0;
			defaultConfigurationName = Release;
		};
/* End XCConfigurationList section */
	};
	rootObject = BB2790FD1BEF0407004166AC /* Project object */;
}
